// !$*UTF8*$!
{
	archiveVersion = 1;
	classes = {
	};
	objectVersion = 50;
	objects = {

/* Begin PBXBuildFile section */
		F711F78526D2A05C00885740 /* Data Converter.swift in Sources */ = {isa = PBXBuildFile; fileRef = F711F78426D2A05C00885740 /* Data Converter.swift */; };
		F73BA95526D62091005A3A8B /* Cache Testing.swift in Sources */ = {isa = PBXBuildFile; fileRef = F73BA95426D62091005A3A8B /* Cache Testing.swift */; };
		F7706F4026D371160084E063 /* Dispatch Timer.swift in Sources */ = {isa = PBXBuildFile; fileRef = F7706F3F26D371160084E063 /* Dispatch Timer.swift */; };
		F7706F4226D374340084E063 /* Dispatch Timer Testing.swift in Sources */ = {isa = PBXBuildFile; fileRef = F7706F4126D374340084E063 /* Dispatch Timer Testing.swift */; };
		F7706F4726D392A10084E063 /* Validation.swift in Sources */ = {isa = PBXBuildFile; fileRef = F7706F4626D392A10084E063 /* Validation.swift */; };
		F7706F4926D3959D0084E063 /* String.swift in Sources */ = {isa = PBXBuildFile; fileRef = F7706F4826D3959D0084E063 /* String.swift */; };
		F7706F4B26D39EDD0084E063 /* Net Typealias.swift in Sources */ = {isa = PBXBuildFile; fileRef = F7706F4A26D39EDD0084E063 /* Net Typealias.swift */; };
		F7706F5126D3B2F10084E063 /* Net Dispatcher Protocol.swift in Sources */ = {isa = PBXBuildFile; fileRef = F7706F5026D3B2F10084E063 /* Net Dispatcher Protocol.swift */; };
		F7706F5326D3B3030084E063 /* Net Environment Protocol.swift in Sources */ = {isa = PBXBuildFile; fileRef = F7706F5226D3B3030084E063 /* Net Environment Protocol.swift */; };
		F7706F5526D3B3100084E063 /* Net Operating Protocol.swift in Sources */ = {isa = PBXBuildFile; fileRef = F7706F5426D3B3100084E063 /* Net Operating Protocol.swift */; };
		F7706F5726D3B31A0084E063 /* Net Request Protocol.swift in Sources */ = {isa = PBXBuildFile; fileRef = F7706F5626D3B31A0084E063 /* Net Request Protocol.swift */; };
		F7706F5926D3B3240084E063 /* Net Session Protocol.swift in Sources */ = {isa = PBXBuildFile; fileRef = F7706F5826D3B3240084E063 /* Net Session Protocol.swift */; };
		F7706F5C26D3B33A0084E063 /* API Net Dispatcher.swift in Sources */ = {isa = PBXBuildFile; fileRef = F7706F5B26D3B33A0084E063 /* API Net Dispatcher.swift */; };
		F7706F5E26D3B3470084E063 /* API Net Operating.swift in Sources */ = {isa = PBXBuildFile; fileRef = F7706F5D26D3B3470084E063 /* API Net Operating.swift */; };
		F7706F6026D3B3590084E063 /* API Net Session + Net Session Protocol.swift in Sources */ = {isa = PBXBuildFile; fileRef = F7706F5F26D3B3590084E063 /* API Net Session + Net Session Protocol.swift */; };
		F7706F6226D3B3650084E063 /* API Net Session + URLSessionDownloadDelegate.swift in Sources */ = {isa = PBXBuildFile; fileRef = F7706F6126D3B3650084E063 /* API Net Session + URLSessionDownloadDelegate.swift */; };
		F7706F6426D3B3710084E063 /* API Net Session + URLSessionTaskDelegate.swift in Sources */ = {isa = PBXBuildFile; fileRef = F7706F6326D3B3710084E063 /* API Net Session + URLSessionTaskDelegate.swift */; };
		F7706F6626D3B37B0084E063 /* API Net Session.swift in Sources */ = {isa = PBXBuildFile; fileRef = F7706F6526D3B37B0084E063 /* API Net Session.swift */; };
		F7706F6826D3B3980084E063 /* API Net Error.swift in Sources */ = {isa = PBXBuildFile; fileRef = F7706F6726D3B3980084E063 /* API Net Error.swift */; };
		F7706F6A26D3B3A20084E063 /* HTTP Status Code.swift in Sources */ = {isa = PBXBuildFile; fileRef = F7706F6926D3B3A20084E063 /* HTTP Status Code.swift */; };
		F7706F6C26D3B3AB0084E063 /* Net Operating Result.swift in Sources */ = {isa = PBXBuildFile; fileRef = F7706F6B26D3B3AB0084E063 /* Net Operating Result.swift */; };
		F7706F6E26D3B3B40084E063 /* Net Request Method.swift in Sources */ = {isa = PBXBuildFile; fileRef = F7706F6D26D3B3B40084E063 /* Net Request Method.swift */; };
		F7706F7026D3B3BE0084E063 /* Net Request Type.swift in Sources */ = {isa = PBXBuildFile; fileRef = F7706F6F26D3B3BE0084E063 /* Net Request Type.swift */; };
		F7706F7226D3B3C90084E063 /* Net Response Type.swift in Sources */ = {isa = PBXBuildFile; fileRef = F7706F7126D3B3C90084E063 /* Net Response Type.swift */; };
		F7706F7A26D3DAF10084E063 /* Net Environment Type.swift in Sources */ = {isa = PBXBuildFile; fileRef = F7706F7926D3DAF10084E063 /* Net Environment Type.swift */; };
		F78DA28326D6A646005A52FA /* File Storage.swift in Sources */ = {isa = PBXBuildFile; fileRef = F78DA28226D6A646005A52FA /* File Storage.swift */; };
		F78DA28826D6B352005A52FA /* Codable Storage.swift in Sources */ = {isa = PBXBuildFile; fileRef = F78DA28726D6B352005A52FA /* Codable Storage.swift */; };
		F78DA28A26D6C209005A52FA /* File Storage Testing.swift in Sources */ = {isa = PBXBuildFile; fileRef = F78DA28926D6C209005A52FA /* File Storage Testing.swift */; };
		F795E85826D53820007F9F90 /* Cache.swift in Sources */ = {isa = PBXBuildFile; fileRef = F795E85726D53820007F9F90 /* Cache.swift */; };
		F7BDBDA826C4F2F800F8B059 /* Modeler.framework in Frameworks */ = {isa = PBXBuildFile; fileRef = F7BDBD9E26C4F2F800F8B059 /* Modeler.framework */; };
		F7BDBDAD26C4F2F800F8B059 /* ModelerTests.swift in Sources */ = {isa = PBXBuildFile; fileRef = F7BDBDAC26C4F2F800F8B059 /* ModelerTests.swift */; };
		F7BDBDAF26C4F2F800F8B059 /* Modeler.h in Headers */ = {isa = PBXBuildFile; fileRef = F7BDBDA126C4F2F800F8B059 /* Modeler.h */; settings = {ATTRIBUTES = (Public, ); }; };
		F7BDBDBB26C4F38300F8B059 /* Atomic Representation.swift in Sources */ = {isa = PBXBuildFile; fileRef = F7BDBDBA26C4F38300F8B059 /* Atomic Representation.swift */; };
		F7BDBDBE26C4F3F100F8B059 /* Atomic Dispatch.swift in Sources */ = {isa = PBXBuildFile; fileRef = F7BDBDBD26C4F3F100F8B059 /* Atomic Dispatch.swift */; };
		F7BDBDC026C4F40500F8B059 /* Atomic Semaphore.swift in Sources */ = {isa = PBXBuildFile; fileRef = F7BDBDBF26C4F40500F8B059 /* Atomic Semaphore.swift */; };
		F7BDBDC226C4F41700F8B059 /* Atomic Lock.swift in Sources */ = {isa = PBXBuildFile; fileRef = F7BDBDC126C4F41700F8B059 /* Atomic Lock.swift */; };
		F7BDBDC426C4F5C200F8B059 /* Atomic Erasure.swift in Sources */ = {isa = PBXBuildFile; fileRef = F7BDBDC326C4F5C200F8B059 /* Atomic Erasure.swift */; };
		F7BDBDC626C4F76D00F8B059 /* Atomic.swift in Sources */ = {isa = PBXBuildFile; fileRef = F7BDBDC526C4F76D00F8B059 /* Atomic.swift */; };
		F7BDBDCA26C4FC8700F8B059 /* Atomic Testing.swift in Sources */ = {isa = PBXBuildFile; fileRef = F7BDBDC926C4FC8700F8B059 /* Atomic Testing.swift */; };
		F7BDBDCE26C5018400F8B059 /* User Defaults.swift in Sources */ = {isa = PBXBuildFile; fileRef = F7BDBDCD26C5018400F8B059 /* User Defaults.swift */; };
		F7BDBDD026C5020A00F8B059 /* Default Storage.swift in Sources */ = {isa = PBXBuildFile; fileRef = F7BDBDCF26C5020A00F8B059 /* Default Storage.swift */; };
		F7D7A43026C7C34F004CA958 /* Optional.swift in Sources */ = {isa = PBXBuildFile; fileRef = F7D7A42F26C7C34F004CA958 /* Optional.swift */; };
		F7D7A43326C7CD08004CA958 /* Default Storage Testing.swift in Sources */ = {isa = PBXBuildFile; fileRef = F7D7A43226C7CD08004CA958 /* Default Storage Testing.swift */; };
/* End PBXBuildFile section */

/* Begin PBXContainerItemProxy section */
		F7BDBDA926C4F2F800F8B059 /* PBXContainerItemProxy */ = {
			isa = PBXContainerItemProxy;
			containerPortal = F7BDBD9526C4F2F800F8B059 /* Project object */;
			proxyType = 1;
			remoteGlobalIDString = F7BDBD9D26C4F2F800F8B059;
			remoteInfo = Modeler;
		};
/* End PBXContainerItemProxy section */

/* Begin PBXFileReference section */
		F711F78426D2A05C00885740 /* Data Converter.swift */ = {isa = PBXFileReference; lastKnownFileType = sourcecode.swift; path = "Data Converter.swift"; sourceTree = "<group>"; };
		F73BA95426D62091005A3A8B /* Cache Testing.swift */ = {isa = PBXFileReference; lastKnownFileType = sourcecode.swift; path = "Cache Testing.swift"; sourceTree = "<group>"; };
		F7706F3F26D371160084E063 /* Dispatch Timer.swift */ = {isa = PBXFileReference; lastKnownFileType = sourcecode.swift; path = "Dispatch Timer.swift"; sourceTree = "<group>"; };
		F7706F4126D374340084E063 /* Dispatch Timer Testing.swift */ = {isa = PBXFileReference; lastKnownFileType = sourcecode.swift; path = "Dispatch Timer Testing.swift"; sourceTree = "<group>"; };
		F7706F4626D392A10084E063 /* Validation.swift */ = {isa = PBXFileReference; lastKnownFileType = sourcecode.swift; path = Validation.swift; sourceTree = "<group>"; };
		F7706F4826D3959D0084E063 /* String.swift */ = {isa = PBXFileReference; lastKnownFileType = sourcecode.swift; path = String.swift; sourceTree = "<group>"; };
		F7706F4A26D39EDD0084E063 /* Net Typealias.swift */ = {isa = PBXFileReference; lastKnownFileType = sourcecode.swift; path = "Net Typealias.swift"; sourceTree = "<group>"; };
		F7706F5026D3B2F10084E063 /* Net Dispatcher Protocol.swift */ = {isa = PBXFileReference; lastKnownFileType = sourcecode.swift; path = "Net Dispatcher Protocol.swift"; sourceTree = "<group>"; };
		F7706F5226D3B3030084E063 /* Net Environment Protocol.swift */ = {isa = PBXFileReference; lastKnownFileType = sourcecode.swift; path = "Net Environment Protocol.swift"; sourceTree = "<group>"; };
		F7706F5426D3B3100084E063 /* Net Operating Protocol.swift */ = {isa = PBXFileReference; lastKnownFileType = sourcecode.swift; path = "Net Operating Protocol.swift"; sourceTree = "<group>"; };
		F7706F5626D3B31A0084E063 /* Net Request Protocol.swift */ = {isa = PBXFileReference; lastKnownFileType = sourcecode.swift; path = "Net Request Protocol.swift"; sourceTree = "<group>"; };
		F7706F5826D3B3240084E063 /* Net Session Protocol.swift */ = {isa = PBXFileReference; lastKnownFileType = sourcecode.swift; path = "Net Session Protocol.swift"; sourceTree = "<group>"; };
		F7706F5B26D3B33A0084E063 /* API Net Dispatcher.swift */ = {isa = PBXFileReference; lastKnownFileType = sourcecode.swift; path = "API Net Dispatcher.swift"; sourceTree = "<group>"; };
		F7706F5D26D3B3470084E063 /* API Net Operating.swift */ = {isa = PBXFileReference; lastKnownFileType = sourcecode.swift; path = "API Net Operating.swift"; sourceTree = "<group>"; };
		F7706F5F26D3B3590084E063 /* API Net Session + Net Session Protocol.swift */ = {isa = PBXFileReference; lastKnownFileType = sourcecode.swift; path = "API Net Session + Net Session Protocol.swift"; sourceTree = "<group>"; };
		F7706F6126D3B3650084E063 /* API Net Session + URLSessionDownloadDelegate.swift */ = {isa = PBXFileReference; lastKnownFileType = sourcecode.swift; path = "API Net Session + URLSessionDownloadDelegate.swift"; sourceTree = "<group>"; };
		F7706F6326D3B3710084E063 /* API Net Session + URLSessionTaskDelegate.swift */ = {isa = PBXFileReference; lastKnownFileType = sourcecode.swift; path = "API Net Session + URLSessionTaskDelegate.swift"; sourceTree = "<group>"; };
		F7706F6526D3B37B0084E063 /* API Net Session.swift */ = {isa = PBXFileReference; lastKnownFileType = sourcecode.swift; path = "API Net Session.swift"; sourceTree = "<group>"; };
		F7706F6726D3B3980084E063 /* API Net Error.swift */ = {isa = PBXFileReference; lastKnownFileType = sourcecode.swift; path = "API Net Error.swift"; sourceTree = "<group>"; };
		F7706F6926D3B3A20084E063 /* HTTP Status Code.swift */ = {isa = PBXFileReference; lastKnownFileType = sourcecode.swift; path = "HTTP Status Code.swift"; sourceTree = "<group>"; };
		F7706F6B26D3B3AB0084E063 /* Net Operating Result.swift */ = {isa = PBXFileReference; lastKnownFileType = sourcecode.swift; path = "Net Operating Result.swift"; sourceTree = "<group>"; };
		F7706F6D26D3B3B40084E063 /* Net Request Method.swift */ = {isa = PBXFileReference; lastKnownFileType = sourcecode.swift; path = "Net Request Method.swift"; sourceTree = "<group>"; };
		F7706F6F26D3B3BE0084E063 /* Net Request Type.swift */ = {isa = PBXFileReference; lastKnownFileType = sourcecode.swift; path = "Net Request Type.swift"; sourceTree = "<group>"; };
		F7706F7126D3B3C90084E063 /* Net Response Type.swift */ = {isa = PBXFileReference; lastKnownFileType = sourcecode.swift; path = "Net Response Type.swift"; sourceTree = "<group>"; };
		F7706F7926D3DAF10084E063 /* Net Environment Type.swift */ = {isa = PBXFileReference; lastKnownFileType = sourcecode.swift; path = "Net Environment Type.swift"; sourceTree = "<group>"; };
		F78DA28226D6A646005A52FA /* File Storage.swift */ = {isa = PBXFileReference; lastKnownFileType = sourcecode.swift; path = "File Storage.swift"; sourceTree = "<group>"; };
		F78DA28726D6B352005A52FA /* Codable Storage.swift */ = {isa = PBXFileReference; lastKnownFileType = sourcecode.swift; path = "Codable Storage.swift"; sourceTree = "<group>"; };
		F78DA28926D6C209005A52FA /* File Storage Testing.swift */ = {isa = PBXFileReference; lastKnownFileType = sourcecode.swift; path = "File Storage Testing.swift"; sourceTree = "<group>"; };
		F795E85726D53820007F9F90 /* Cache.swift */ = {isa = PBXFileReference; lastKnownFileType = sourcecode.swift; path = Cache.swift; sourceTree = "<group>"; };
		F7BDBD9E26C4F2F800F8B059 /* Modeler.framework */ = {isa = PBXFileReference; explicitFileType = wrapper.framework; includeInIndex = 0; path = Modeler.framework; sourceTree = BUILT_PRODUCTS_DIR; };
		F7BDBDA126C4F2F800F8B059 /* Modeler.h */ = {isa = PBXFileReference; lastKnownFileType = sourcecode.c.h; path = Modeler.h; sourceTree = "<group>"; };
		F7BDBDA226C4F2F800F8B059 /* Info.plist */ = {isa = PBXFileReference; lastKnownFileType = text.plist.xml; path = Info.plist; sourceTree = "<group>"; };
		F7BDBDA726C4F2F800F8B059 /* ModelerTests.xctest */ = {isa = PBXFileReference; explicitFileType = wrapper.cfbundle; includeInIndex = 0; path = ModelerTests.xctest; sourceTree = BUILT_PRODUCTS_DIR; };
		F7BDBDAC26C4F2F800F8B059 /* ModelerTests.swift */ = {isa = PBXFileReference; lastKnownFileType = sourcecode.swift; path = ModelerTests.swift; sourceTree = "<group>"; };
		F7BDBDAE26C4F2F800F8B059 /* Info.plist */ = {isa = PBXFileReference; lastKnownFileType = text.plist.xml; path = Info.plist; sourceTree = "<group>"; };
		F7BDBDBA26C4F38300F8B059 /* Atomic Representation.swift */ = {isa = PBXFileReference; lastKnownFileType = sourcecode.swift; path = "Atomic Representation.swift"; sourceTree = "<group>"; };
		F7BDBDBD26C4F3F100F8B059 /* Atomic Dispatch.swift */ = {isa = PBXFileReference; lastKnownFileType = sourcecode.swift; path = "Atomic Dispatch.swift"; sourceTree = "<group>"; };
		F7BDBDBF26C4F40500F8B059 /* Atomic Semaphore.swift */ = {isa = PBXFileReference; lastKnownFileType = sourcecode.swift; path = "Atomic Semaphore.swift"; sourceTree = "<group>"; };
		F7BDBDC126C4F41700F8B059 /* Atomic Lock.swift */ = {isa = PBXFileReference; lastKnownFileType = sourcecode.swift; path = "Atomic Lock.swift"; sourceTree = "<group>"; };
		F7BDBDC326C4F5C200F8B059 /* Atomic Erasure.swift */ = {isa = PBXFileReference; lastKnownFileType = sourcecode.swift; path = "Atomic Erasure.swift"; sourceTree = "<group>"; };
		F7BDBDC526C4F76D00F8B059 /* Atomic.swift */ = {isa = PBXFileReference; lastKnownFileType = sourcecode.swift; path = Atomic.swift; sourceTree = "<group>"; };
		F7BDBDC926C4FC8700F8B059 /* Atomic Testing.swift */ = {isa = PBXFileReference; lastKnownFileType = sourcecode.swift; path = "Atomic Testing.swift"; sourceTree = "<group>"; };
		F7BDBDCD26C5018400F8B059 /* User Defaults.swift */ = {isa = PBXFileReference; lastKnownFileType = sourcecode.swift; path = "User Defaults.swift"; sourceTree = "<group>"; };
		F7BDBDCF26C5020A00F8B059 /* Default Storage.swift */ = {isa = PBXFileReference; lastKnownFileType = sourcecode.swift; path = "Default Storage.swift"; sourceTree = "<group>"; };
		F7D7A42F26C7C34F004CA958 /* Optional.swift */ = {isa = PBXFileReference; lastKnownFileType = sourcecode.swift; path = Optional.swift; sourceTree = "<group>"; };
		F7D7A43226C7CD08004CA958 /* Default Storage Testing.swift */ = {isa = PBXFileReference; lastKnownFileType = sourcecode.swift; path = "Default Storage Testing.swift"; sourceTree = "<group>"; };
/* End PBXFileReference section */

/* Begin PBXFrameworksBuildPhase section */
		F7BDBD9B26C4F2F800F8B059 /* Frameworks */ = {
			isa = PBXFrameworksBuildPhase;
			buildActionMask = 2147483647;
			files = (
			);
			runOnlyForDeploymentPostprocessing = 0;
		};
		F7BDBDA426C4F2F800F8B059 /* Frameworks */ = {
			isa = PBXFrameworksBuildPhase;
			buildActionMask = 2147483647;
			files = (
				F7BDBDA826C4F2F800F8B059 /* Modeler.framework in Frameworks */,
			);
			runOnlyForDeploymentPostprocessing = 0;
		};
/* End PBXFrameworksBuildPhase section */

/* Begin PBXGroup section */
		F7706F4526D390830084E063 /* Network */ = {
			isa = PBXGroup;
			children = (
				F7706F4A26D39EDD0084E063 /* Net Typealias.swift */,
				F7706F4E26D39F4D0084E063 /* Enumeration */,
				F7706F4D26D39F460084E063 /* Module */,
				F7706F4C26D39F380084E063 /* Protocol */,
			);
			path = Network;
			sourceTree = "<group>";
		};
		F7706F4C26D39F380084E063 /* Protocol */ = {
			isa = PBXGroup;
			children = (
				F7706F5026D3B2F10084E063 /* Net Dispatcher Protocol.swift */,
				F7706F5226D3B3030084E063 /* Net Environment Protocol.swift */,
				F7706F5426D3B3100084E063 /* Net Operating Protocol.swift */,
				F7706F5626D3B31A0084E063 /* Net Request Protocol.swift */,
				F7706F5826D3B3240084E063 /* Net Session Protocol.swift */,
			);
			path = Protocol;
			sourceTree = "<group>";
		};
		F7706F4D26D39F460084E063 /* Module */ = {
			isa = PBXGroup;
			children = (
				F7706F5B26D3B33A0084E063 /* API Net Dispatcher.swift */,
				F7706F5D26D3B3470084E063 /* API Net Operating.swift */,
				F7706F5A26D3B32E0084E063 /* API Net Session */,
			);
			path = Module;
			sourceTree = "<group>";
		};
		F7706F4E26D39F4D0084E063 /* Enumeration */ = {
			isa = PBXGroup;
			children = (
				F7706F6726D3B3980084E063 /* API Net Error.swift */,
				F7706F6926D3B3A20084E063 /* HTTP Status Code.swift */,
				F7706F6B26D3B3AB0084E063 /* Net Operating Result.swift */,
				F7706F6D26D3B3B40084E063 /* Net Request Method.swift */,
				F7706F6F26D3B3BE0084E063 /* Net Request Type.swift */,
				F7706F7126D3B3C90084E063 /* Net Response Type.swift */,
			);
			path = Enumeration;
			sourceTree = "<group>";
		};
		F7706F4F26D39F550084E063 /* Network */ = {
			isa = PBXGroup;
			children = (
				F7706F7926D3DAF10084E063 /* Net Environment Type.swift */,
			);
			name = Network;
			path = /Users/pavelzavarin/Desktop/Nodal/Modeler/ModelerTests/Network;
			sourceTree = "<absolute>";
		};
		F7706F5A26D3B32E0084E063 /* API Net Session */ = {
			isa = PBXGroup;
			children = (
				F7706F6526D3B37B0084E063 /* API Net Session.swift */,
				F7706F5F26D3B3590084E063 /* API Net Session + Net Session Protocol.swift */,
				F7706F6126D3B3650084E063 /* API Net Session + URLSessionDownloadDelegate.swift */,
				F7706F6326D3B3710084E063 /* API Net Session + URLSessionTaskDelegate.swift */,
			);
			path = "API Net Session";
			sourceTree = "<group>";
		};
		F78DA28426D6B151005A52FA /* File Manager */ = {
			isa = PBXGroup;
			children = (
				F78DA28226D6A646005A52FA /* File Storage.swift */,
				F78DA28726D6B352005A52FA /* Codable Storage.swift */,
			);
			path = "File Manager";
			sourceTree = "<group>";
		};
		F7BDBD9426C4F2F800F8B059 = {
			isa = PBXGroup;
			children = (
				F7BDBDA026C4F2F800F8B059 /* Modeler */,
				F7BDBDAB26C4F2F800F8B059 /* ModelerTests */,
				F7BDBD9F26C4F2F800F8B059 /* Products */,
			);
			sourceTree = "<group>";
		};
		F7BDBD9F26C4F2F800F8B059 /* Products */ = {
			isa = PBXGroup;
			children = (
				F7BDBD9E26C4F2F800F8B059 /* Modeler.framework */,
				F7BDBDA726C4F2F800F8B059 /* ModelerTests.xctest */,
			);
			name = Products;
			sourceTree = "<group>";
		};
		F7BDBDA026C4F2F800F8B059 /* Modeler */ = {
			isa = PBXGroup;
			children = (
				F7706F4526D390830084E063 /* Network */,
				F7D7A42E26C7C307004CA958 /* Stuff */,
				F7BDBDCB26C5015B00F8B059 /* Store */,
				F7BDBDB826C4F35200F8B059 /* Dispatch */,
				F7BDBDA126C4F2F800F8B059 /* Modeler.h */,
				F7BDBDA226C4F2F800F8B059 /* Info.plist */,
			);
			path = Modeler;
			sourceTree = "<group>";
		};
		F7BDBDAB26C4F2F800F8B059 /* ModelerTests */ = {
			isa = PBXGroup;
			children = (
				F7BDBDAC26C4F2F800F8B059 /* ModelerTests.swift */,
				F7706F4F26D39F550084E063 /* Network */,
				F7D7A43126C7CCD2004CA958 /* Store */,
				F7BDBDC726C4FA8500F8B059 /* Dispatch */,
				F7BDBDAE26C4F2F800F8B059 /* Info.plist */,
			);
			path = ModelerTests;
			sourceTree = "<group>";
		};
		F7BDBDB826C4F35200F8B059 /* Dispatch */ = {
			isa = PBXGroup;
			children = (
				F7706F3F26D371160084E063 /* Dispatch Timer.swift */,
				F7BDBDB926C4F36600F8B059 /* Atomic */,
			);
			path = Dispatch;
			sourceTree = "<group>";
		};
		F7BDBDB926C4F36600F8B059 /* Atomic */ = {
			isa = PBXGroup;
			children = (
				F7BDBDC526C4F76D00F8B059 /* Atomic.swift */,
				F7BDBDC326C4F5C200F8B059 /* Atomic Erasure.swift */,
				F7BDBDBA26C4F38300F8B059 /* Atomic Representation.swift */,
				F7BDBDBC26C4F3C800F8B059 /* Variation */,
			);
			path = Atomic;
			sourceTree = "<group>";
		};
		F7BDBDBC26C4F3C800F8B059 /* Variation */ = {
			isa = PBXGroup;
			children = (
				F7BDBDBD26C4F3F100F8B059 /* Atomic Dispatch.swift */,
				F7BDBDBF26C4F40500F8B059 /* Atomic Semaphore.swift */,
				F7BDBDC126C4F41700F8B059 /* Atomic Lock.swift */,
			);
			path = Variation;
			sourceTree = "<group>";
		};
		F7BDBDC726C4FA8500F8B059 /* Dispatch */ = {
			isa = PBXGroup;
			children = (
				F7BDBDC926C4FC8700F8B059 /* Atomic Testing.swift */,
				F7706F4126D374340084E063 /* Dispatch Timer Testing.swift */,
			);
			path = Dispatch;
			sourceTree = "<group>";
		};
		F7BDBDCB26C5015B00F8B059 /* Store */ = {
			isa = PBXGroup;
			children = (
				F7BDBDCF26C5020A00F8B059 /* Default Storage.swift */,
				F795E85726D53820007F9F90 /* Cache.swift */,
				F78DA28426D6B151005A52FA /* File Manager */,
			);
			path = Store;
			sourceTree = "<group>";
		};
		F7D7A42E26C7C307004CA958 /* Stuff */ = {
			isa = PBXGroup;
			children = (
				F7BDBDCD26C5018400F8B059 /* User Defaults.swift */,
				F7D7A42F26C7C34F004CA958 /* Optional.swift */,
				F711F78426D2A05C00885740 /* Data Converter.swift */,
				F7706F4626D392A10084E063 /* Validation.swift */,
				F7706F4826D3959D0084E063 /* String.swift */,
			);
			path = Stuff;
			sourceTree = "<group>";
		};
		F7D7A43126C7CCD2004CA958 /* Store */ = {
			isa = PBXGroup;
			children = (
				F7D7A43226C7CD08004CA958 /* Default Storage Testing.swift */,
				F73BA95426D62091005A3A8B /* Cache Testing.swift */,
				F78DA28926D6C209005A52FA /* File Storage Testing.swift */,
			);
			path = Store;
			sourceTree = "<group>";
		};
/* End PBXGroup section */

/* Begin PBXHeadersBuildPhase section */
		F7BDBD9926C4F2F800F8B059 /* Headers */ = {
			isa = PBXHeadersBuildPhase;
			buildActionMask = 2147483647;
			files = (
				F7BDBDAF26C4F2F800F8B059 /* Modeler.h in Headers */,
			);
			runOnlyForDeploymentPostprocessing = 0;
		};
/* End PBXHeadersBuildPhase section */

/* Begin PBXNativeTarget section */
		F7BDBD9D26C4F2F800F8B059 /* Modeler */ = {
			isa = PBXNativeTarget;
			buildConfigurationList = F7BDBDB226C4F2F800F8B059 /* Build configuration list for PBXNativeTarget "Modeler" */;
			buildPhases = (
				F7BDBD9926C4F2F800F8B059 /* Headers */,
				F7BDBD9A26C4F2F800F8B059 /* Sources */,
				F7BDBD9B26C4F2F800F8B059 /* Frameworks */,
				F7BDBD9C26C4F2F800F8B059 /* Resources */,
			);
			buildRules = (
			);
			dependencies = (
			);
			name = Modeler;
			productName = Modeler;
			productReference = F7BDBD9E26C4F2F800F8B059 /* Modeler.framework */;
			productType = "com.apple.product-type.framework";
		};
		F7BDBDA626C4F2F800F8B059 /* ModelerTests */ = {
			isa = PBXNativeTarget;
			buildConfigurationList = F7BDBDB526C4F2F800F8B059 /* Build configuration list for PBXNativeTarget "ModelerTests" */;
			buildPhases = (
				F7BDBDA326C4F2F800F8B059 /* Sources */,
				F7BDBDA426C4F2F800F8B059 /* Frameworks */,
				F7BDBDA526C4F2F800F8B059 /* Resources */,
			);
			buildRules = (
			);
			dependencies = (
				F7BDBDAA26C4F2F800F8B059 /* PBXTargetDependency */,
			);
			name = ModelerTests;
			productName = ModelerTests;
			productReference = F7BDBDA726C4F2F800F8B059 /* ModelerTests.xctest */;
			productType = "com.apple.product-type.bundle.unit-test";
		};
/* End PBXNativeTarget section */

/* Begin PBXProject section */
		F7BDBD9526C4F2F800F8B059 /* Project object */ = {
			isa = PBXProject;
			attributes = {
				LastSwiftUpdateCheck = 1250;
				LastUpgradeCheck = 1250;
				TargetAttributes = {
					F7BDBD9D26C4F2F800F8B059 = {
						CreatedOnToolsVersion = 12.5.1;
						LastSwiftMigration = 1250;
					};
					F7BDBDA626C4F2F800F8B059 = {
						CreatedOnToolsVersion = 12.5.1;
					};
				};
			};
			buildConfigurationList = F7BDBD9826C4F2F800F8B059 /* Build configuration list for PBXProject "Modeler" */;
			compatibilityVersion = "Xcode 9.3";
			developmentRegion = en;
			hasScannedForEncodings = 0;
			knownRegions = (
				en,
				Base,
			);
			mainGroup = F7BDBD9426C4F2F800F8B059;
			productRefGroup = F7BDBD9F26C4F2F800F8B059 /* Products */;
			projectDirPath = "";
			projectRoot = "";
			targets = (
				F7BDBD9D26C4F2F800F8B059 /* Modeler */,
				F7BDBDA626C4F2F800F8B059 /* ModelerTests */,
			);
		};
/* End PBXProject section */

/* Begin PBXResourcesBuildPhase section */
		F7BDBD9C26C4F2F800F8B059 /* Resources */ = {
			isa = PBXResourcesBuildPhase;
			buildActionMask = 2147483647;
			files = (
			);
			runOnlyForDeploymentPostprocessing = 0;
		};
		F7BDBDA526C4F2F800F8B059 /* Resources */ = {
			isa = PBXResourcesBuildPhase;
			buildActionMask = 2147483647;
			files = (
			);
			runOnlyForDeploymentPostprocessing = 0;
		};
/* End PBXResourcesBuildPhase section */

/* Begin PBXSourcesBuildPhase section */
		F7BDBD9A26C4F2F800F8B059 /* Sources */ = {
			isa = PBXSourcesBuildPhase;
			buildActionMask = 2147483647;
			files = (
				F7706F6E26D3B3B40084E063 /* Net Request Method.swift in Sources */,
				F7706F6C26D3B3AB0084E063 /* Net Operating Result.swift in Sources */,
				F7706F6026D3B3590084E063 /* API Net Session + Net Session Protocol.swift in Sources */,
				F7706F4726D392A10084E063 /* Validation.swift in Sources */,
				F7706F6A26D3B3A20084E063 /* HTTP Status Code.swift in Sources */,
				F78DA28826D6B352005A52FA /* Codable Storage.swift in Sources */,
				F7706F4926D3959D0084E063 /* String.swift in Sources */,
				F7BDBDC426C4F5C200F8B059 /* Atomic Erasure.swift in Sources */,
				F711F78526D2A05C00885740 /* Data Converter.swift in Sources */,
				F7BDBDD026C5020A00F8B059 /* Default Storage.swift in Sources */,
				F7706F7026D3B3BE0084E063 /* Net Request Type.swift in Sources */,
				F7D7A43026C7C34F004CA958 /* Optional.swift in Sources */,
				F7706F6826D3B3980084E063 /* API Net Error.swift in Sources */,
				F7BDBDBB26C4F38300F8B059 /* Atomic Representation.swift in Sources */,
				F7706F5C26D3B33A0084E063 /* API Net Dispatcher.swift in Sources */,
				F7706F5326D3B3030084E063 /* Net Environment Protocol.swift in Sources */,
				F7BDBDC026C4F40500F8B059 /* Atomic Semaphore.swift in Sources */,
				F7706F4026D371160084E063 /* Dispatch Timer.swift in Sources */,
				F7706F6226D3B3650084E063 /* API Net Session + URLSessionDownloadDelegate.swift in Sources */,
				F7706F6626D3B37B0084E063 /* API Net Session.swift in Sources */,
				F7BDBDCE26C5018400F8B059 /* User Defaults.swift in Sources */,
				F7706F5726D3B31A0084E063 /* Net Request Protocol.swift in Sources */,
				F795E85826D53820007F9F90 /* Cache.swift in Sources */,
				F7BDBDC226C4F41700F8B059 /* Atomic Lock.swift in Sources */,
				F7706F7226D3B3C90084E063 /* Net Response Type.swift in Sources */,
				F7706F5126D3B2F10084E063 /* Net Dispatcher Protocol.swift in Sources */,
				F7706F5E26D3B3470084E063 /* API Net Operating.swift in Sources */,
				F7BDBDC626C4F76D00F8B059 /* Atomic.swift in Sources */,
				F7706F5526D3B3100084E063 /* Net Operating Protocol.swift in Sources */,
				F7BDBDBE26C4F3F100F8B059 /* Atomic Dispatch.swift in Sources */,
				F7706F5926D3B3240084E063 /* Net Session Protocol.swift in Sources */,
				F7706F6426D3B3710084E063 /* API Net Session + URLSessionTaskDelegate.swift in Sources */,
				F7706F4B26D39EDD0084E063 /* Net Typealias.swift in Sources */,
				F78DA28326D6A646005A52FA /* File Storage.swift in Sources */,
			);
			runOnlyForDeploymentPostprocessing = 0;
		};
		F7BDBDA326C4F2F800F8B059 /* Sources */ = {
			isa = PBXSourcesBuildPhase;
			buildActionMask = 2147483647;
			files = (
				F78DA28A26D6C209005A52FA /* File Storage Testing.swift in Sources */,
				F73BA95526D62091005A3A8B /* Cache Testing.swift in Sources */,
				F7BDBDCA26C4FC8700F8B059 /* Atomic Testing.swift in Sources */,
				F7BDBDAD26C4F2F800F8B059 /* ModelerTests.swift in Sources */,
				F7706F4226D374340084E063 /* Dispatch Timer Testing.swift in Sources */,
				F7D7A43326C7CD08004CA958 /* Default Storage Testing.swift in Sources */,
				F7706F7A26D3DAF10084E063 /* Net Environment Type.swift in Sources */,
			);
			runOnlyForDeploymentPostprocessing = 0;
		};
/* End PBXSourcesBuildPhase section */

/* Begin PBXTargetDependency section */
		F7BDBDAA26C4F2F800F8B059 /* PBXTargetDependency */ = {
			isa = PBXTargetDependency;
			target = F7BDBD9D26C4F2F800F8B059 /* Modeler */;
			targetProxy = F7BDBDA926C4F2F800F8B059 /* PBXContainerItemProxy */;
		};
/* End PBXTargetDependency section */

/* Begin XCBuildConfiguration section */
		F7BDBDB026C4F2F800F8B059 /* Debug */ = {
			isa = XCBuildConfiguration;
			buildSettings = {
				ALWAYS_SEARCH_USER_PATHS = NO;
				CLANG_ANALYZER_NONNULL = YES;
				CLANG_ANALYZER_NUMBER_OBJECT_CONVERSION = YES_AGGRESSIVE;
				CLANG_CXX_LANGUAGE_STANDARD = "gnu++14";
				CLANG_CXX_LIBRARY = "libc++";
				CLANG_ENABLE_MODULES = YES;
				CLANG_ENABLE_OBJC_ARC = YES;
				CLANG_ENABLE_OBJC_WEAK = YES;
				CLANG_WARN_BLOCK_CAPTURE_AUTORELEASING = YES;
				CLANG_WARN_BOOL_CONVERSION = YES;
				CLANG_WARN_COMMA = YES;
				CLANG_WARN_CONSTANT_CONVERSION = YES;
				CLANG_WARN_DEPRECATED_OBJC_IMPLEMENTATIONS = YES;
				CLANG_WARN_DIRECT_OBJC_ISA_USAGE = YES_ERROR;
				CLANG_WARN_DOCUMENTATION_COMMENTS = YES;
				CLANG_WARN_EMPTY_BODY = YES;
				CLANG_WARN_ENUM_CONVERSION = YES;
				CLANG_WARN_INFINITE_RECURSION = YES;
				CLANG_WARN_INT_CONVERSION = YES;
				CLANG_WARN_NON_LITERAL_NULL_CONVERSION = YES;
				CLANG_WARN_OBJC_IMPLICIT_RETAIN_SELF = YES;
				CLANG_WARN_OBJC_LITERAL_CONVERSION = YES;
				CLANG_WARN_OBJC_ROOT_CLASS = YES_ERROR;
				CLANG_WARN_QUOTED_INCLUDE_IN_FRAMEWORK_HEADER = YES;
				CLANG_WARN_RANGE_LOOP_ANALYSIS = YES;
				CLANG_WARN_STRICT_PROTOTYPES = YES;
				CLANG_WARN_SUSPICIOUS_MOVE = YES;
				CLANG_WARN_UNGUARDED_AVAILABILITY = YES_AGGRESSIVE;
				CLANG_WARN_UNREACHABLE_CODE = YES;
				CLANG_WARN__DUPLICATE_METHOD_MATCH = YES;
				COPY_PHASE_STRIP = NO;
				CURRENT_PROJECT_VERSION = 1;
				DEBUG_INFORMATION_FORMAT = dwarf;
				ENABLE_STRICT_OBJC_MSGSEND = YES;
				ENABLE_TESTABILITY = YES;
				GCC_C_LANGUAGE_STANDARD = gnu11;
				GCC_DYNAMIC_NO_PIC = NO;
				GCC_NO_COMMON_BLOCKS = YES;
				GCC_OPTIMIZATION_LEVEL = 0;
				GCC_PREPROCESSOR_DEFINITIONS = (
					"DEBUG=1",
					"$(inherited)",
				);
				GCC_WARN_64_TO_32_BIT_CONVERSION = YES;
				GCC_WARN_ABOUT_RETURN_TYPE = YES_ERROR;
				GCC_WARN_UNDECLARED_SELECTOR = YES;
				GCC_WARN_UNINITIALIZED_AUTOS = YES_AGGRESSIVE;
				GCC_WARN_UNUSED_FUNCTION = YES;
				GCC_WARN_UNUSED_VARIABLE = YES;
				IPHONEOS_DEPLOYMENT_TARGET = 11.0;
				MTL_ENABLE_DEBUG_INFO = INCLUDE_SOURCE;
				MTL_FAST_MATH = YES;
				ONLY_ACTIVE_ARCH = YES;
				SDKROOT = iphoneos;
				SWIFT_ACTIVE_COMPILATION_CONDITIONS = DEBUG;
				SWIFT_OPTIMIZATION_LEVEL = "-Onone";
				VERSIONING_SYSTEM = "apple-generic";
				VERSION_INFO_PREFIX = "";
			};
			name = Debug;
		};
		F7BDBDB126C4F2F800F8B059 /* Release */ = {
			isa = XCBuildConfiguration;
			buildSettings = {
				ALWAYS_SEARCH_USER_PATHS = NO;
				CLANG_ANALYZER_NONNULL = YES;
				CLANG_ANALYZER_NUMBER_OBJECT_CONVERSION = YES_AGGRESSIVE;
				CLANG_CXX_LANGUAGE_STANDARD = "gnu++14";
				CLANG_CXX_LIBRARY = "libc++";
				CLANG_ENABLE_MODULES = YES;
				CLANG_ENABLE_OBJC_ARC = YES;
				CLANG_ENABLE_OBJC_WEAK = YES;
				CLANG_WARN_BLOCK_CAPTURE_AUTORELEASING = YES;
				CLANG_WARN_BOOL_CONVERSION = YES;
				CLANG_WARN_COMMA = YES;
				CLANG_WARN_CONSTANT_CONVERSION = YES;
				CLANG_WARN_DEPRECATED_OBJC_IMPLEMENTATIONS = YES;
				CLANG_WARN_DIRECT_OBJC_ISA_USAGE = YES_ERROR;
				CLANG_WARN_DOCUMENTATION_COMMENTS = YES;
				CLANG_WARN_EMPTY_BODY = YES;
				CLANG_WARN_ENUM_CONVERSION = YES;
				CLANG_WARN_INFINITE_RECURSION = YES;
				CLANG_WARN_INT_CONVERSION = YES;
				CLANG_WARN_NON_LITERAL_NULL_CONVERSION = YES;
				CLANG_WARN_OBJC_IMPLICIT_RETAIN_SELF = YES;
				CLANG_WARN_OBJC_LITERAL_CONVERSION = YES;
				CLANG_WARN_OBJC_ROOT_CLASS = YES_ERROR;
				CLANG_WARN_QUOTED_INCLUDE_IN_FRAMEWORK_HEADER = YES;
				CLANG_WARN_RANGE_LOOP_ANALYSIS = YES;
				CLANG_WARN_STRICT_PROTOTYPES = YES;
				CLANG_WARN_SUSPICIOUS_MOVE = YES;
				CLANG_WARN_UNGUARDED_AVAILABILITY = YES_AGGRESSIVE;
				CLANG_WARN_UNREACHABLE_CODE = YES;
				CLANG_WARN__DUPLICATE_METHOD_MATCH = YES;
				COPY_PHASE_STRIP = NO;
				CURRENT_PROJECT_VERSION = 1;
				DEBUG_INFORMATION_FORMAT = "dwarf-with-dsym";
				ENABLE_NS_ASSERTIONS = NO;
				ENABLE_STRICT_OBJC_MSGSEND = YES;
				GCC_C_LANGUAGE_STANDARD = gnu11;
				GCC_NO_COMMON_BLOCKS = YES;
				GCC_WARN_64_TO_32_BIT_CONVERSION = YES;
				GCC_WARN_ABOUT_RETURN_TYPE = YES_ERROR;
				GCC_WARN_UNDECLARED_SELECTOR = YES;
				GCC_WARN_UNINITIALIZED_AUTOS = YES_AGGRESSIVE;
				GCC_WARN_UNUSED_FUNCTION = YES;
				GCC_WARN_UNUSED_VARIABLE = YES;
				IPHONEOS_DEPLOYMENT_TARGET = 11.0;
				MTL_ENABLE_DEBUG_INFO = NO;
				MTL_FAST_MATH = YES;
				SDKROOT = iphoneos;
				SWIFT_COMPILATION_MODE = wholemodule;
				SWIFT_OPTIMIZATION_LEVEL = "-O";
				VALIDATE_PRODUCT = YES;
				VERSIONING_SYSTEM = "apple-generic";
				VERSION_INFO_PREFIX = "";
			};
			name = Release;
		};
		F7BDBDB326C4F2F800F8B059 /* Debug */ = {
			isa = XCBuildConfiguration;
			buildSettings = {
				CLANG_ENABLE_MODULES = YES;
				CODE_SIGN_STYLE = Automatic;
				DEFINES_MODULE = YES;
				DEVELOPMENT_TEAM = U96PRYKKJ4;
				DYLIB_COMPATIBILITY_VERSION = 1;
				DYLIB_CURRENT_VERSION = 1;
				DYLIB_INSTALL_NAME_BASE = "@rpath";
				INFOPLIST_FILE = Modeler/Info.plist;
				INSTALL_PATH = "$(LOCAL_LIBRARY_DIR)/Frameworks";
				IPHONEOS_DEPLOYMENT_TARGET = 11.0;
				LD_RUNPATH_SEARCH_PATHS = (
					"$(inherited)",
					"@executable_path/Frameworks",
					"@loader_path/Frameworks",
				);
				PRODUCT_BUNDLE_IDENTIFIER = Nodal.Modeler;
				PRODUCT_NAME = "$(TARGET_NAME:c99extidentifier)";
				SKIP_INSTALL = YES;
				SUPPORTS_MACCATALYST = NO;
				SWIFT_OPTIMIZATION_LEVEL = "-Onone";
				SWIFT_VERSION = 5.0;
				TARGETED_DEVICE_FAMILY = "1,2";
			};
			name = Debug;
		};
		F7BDBDB426C4F2F800F8B059 /* Release */ = {
			isa = XCBuildConfiguration;
			buildSettings = {
				CLANG_ENABLE_MODULES = YES;
				CODE_SIGN_STYLE = Automatic;
				DEFINES_MODULE = YES;
				DEVELOPMENT_TEAM = U96PRYKKJ4;
				DYLIB_COMPATIBILITY_VERSION = 1;
				DYLIB_CURRENT_VERSION = 1;
				DYLIB_INSTALL_NAME_BASE = "@rpath";
				INFOPLIST_FILE = Modeler/Info.plist;
				INSTALL_PATH = "$(LOCAL_LIBRARY_DIR)/Frameworks";
				IPHONEOS_DEPLOYMENT_TARGET = 11.0;
				LD_RUNPATH_SEARCH_PATHS = (
					"$(inherited)",
					"@executable_path/Frameworks",
					"@loader_path/Frameworks",
				);
				PRODUCT_BUNDLE_IDENTIFIER = Nodal.Modeler;
				PRODUCT_NAME = "$(TARGET_NAME:c99extidentifier)";
				SKIP_INSTALL = YES;
				SUPPORTS_MACCATALYST = NO;
				SWIFT_VERSION = 5.0;
				TARGETED_DEVICE_FAMILY = "1,2";
			};
			name = Release;
		};
		F7BDBDB626C4F2F800F8B059 /* Debug */ = {
			isa = XCBuildConfiguration;
			buildSettings = {
				ALWAYS_EMBED_SWIFT_STANDARD_LIBRARIES = YES;
				CODE_SIGN_STYLE = Automatic;
				DEVELOPMENT_TEAM = U96PRYKKJ4;
				INFOPLIST_FILE = ModelerTests/Info.plist;
				LD_RUNPATH_SEARCH_PATHS = (
					"$(inherited)",
					"@executable_path/Frameworks",
					"@loader_path/Frameworks",
				);
				PRODUCT_BUNDLE_IDENTIFIER = Nodal.ModelerTests;
				PRODUCT_NAME = "$(TARGET_NAME)";
				SWIFT_VERSION = 5.0;
				TARGETED_DEVICE_FAMILY = "1,2";
			};
			name = Debug;
		};
		F7BDBDB726C4F2F800F8B059 /* Release */ = {
			isa = XCBuildConfiguration;
			buildSettings = {
				ALWAYS_EMBED_SWIFT_STANDARD_LIBRARIES = YES;
				CODE_SIGN_STYLE = Automatic;
				DEVELOPMENT_TEAM = U96PRYKKJ4;
				INFOPLIST_FILE = ModelerTests/Info.plist;
				LD_RUNPATH_SEARCH_PATHS = (
					"$(inherited)",
					"@executable_path/Frameworks",
					"@loader_path/Frameworks",
				);
				PRODUCT_BUNDLE_IDENTIFIER = Nodal.ModelerTests;
				PRODUCT_NAME = "$(TARGET_NAME)";
				SWIFT_VERSION = 5.0;
				TARGETED_DEVICE_FAMILY = "1,2";
			};
			name = Release;
		};
/* End XCBuildConfiguration section */

/* Begin XCConfigurationList section */
		F7BDBD9826C4F2F800F8B059 /* Build configuration list for PBXProject "Modeler" */ = {
			isa = XCConfigurationList;
			buildConfigurations = (
				F7BDBDB026C4F2F800F8B059 /* Debug */,
				F7BDBDB126C4F2F800F8B059 /* Release */,
			);
			defaultConfigurationIsVisible = 0;
			defaultConfigurationName = Release;
		};
		F7BDBDB226C4F2F800F8B059 /* Build configuration list for PBXNativeTarget "Modeler" */ = {
			isa = XCConfigurationList;
			buildConfigurations = (
				F7BDBDB326C4F2F800F8B059 /* Debug */,
				F7BDBDB426C4F2F800F8B059 /* Release */,
			);
			defaultConfigurationIsVisible = 0;
			defaultConfigurationName = Release;
		};
		F7BDBDB526C4F2F800F8B059 /* Build configuration list for PBXNativeTarget "ModelerTests" */ = {
			isa = XCConfigurationList;
			buildConfigurations = (
				F7BDBDB626C4F2F800F8B059 /* Debug */,
				F7BDBDB726C4F2F800F8B059 /* Release */,
			);
			defaultConfigurationIsVisible = 0;
			defaultConfigurationName = Release;
		};
/* End XCConfigurationList section */
	};
	rootObject = F7BDBD9526C4F2F800F8B059 /* Project object */;
}
